
Microsoft Visual Studio Solution File, Format Version 12.00
# Visual Studio Version 17
VisualStudioVersion = 17.0.31903.59
MinimumVisualStudioVersion = 10.0.40219.1
Project("{2150E333-8FDC-42A3-9474-1A3956D46DE8}") = "src", "src", "{827E0CD3-B72D-47B6-A68D-7590B98EB39B}"
EndProject
Project("{FAE04EC0-301F-11D3-BF4B-00C04F79EFBC}") = "AccountingSystem.Domain", "src\AccountingSystem.Domain\AccountingSystem.Domain.csproj", "{DE8EEABB-EABC-4DCD-8869-B23BC7ACCE8A}"
EndProject
Project("{FAE04EC0-301F-11D3-BF4B-00C04F79EFBC}") = "AccountingSystem.Application", "src\AccountingSystem.Application\AccountingSystem.Application.csproj", "{487FDECE-8888-48BC-BE5A-12EFA161A00F}"
EndProject
Project("{FAE04EC0-301F-11D3-BF4B-00C04F79EFBC}") = "AccountingSystem.Infrastructure", "src\AccountingSystem.Infrastructure\AccountingSystem.Infrastructure.csproj", "{FC7FC1B3-2284-49FD-B23D-5CCBB511CEA0}"
EndProject
Project("{FAE04EC0-301F-11D3-BF4B-00C04F79EFBC}") = "AccountingSystem.Api", "src\AccountingSystem.Api\AccountingSystem.Api.csproj", "{D4AB3A51-6F71-4302-9F97-8C5FFCD018BB}"
EndProject
Global
	GlobalSection(SolutionConfigurationPlatforms) = preSolution
		Debug|Any CPU = Debug|Any CPU
		Debug|x64 = Debug|x64
		Debug|x86 = Debug|x86
		Release|Any CPU = Release|Any CPU
		Release|x64 = Release|x64
		Release|x86 = Release|x86
	EndGlobalSection
	GlobalSection(ProjectConfigurationPlatforms) = postSolution
		{DE8EEABB-EABC-4DCD-8869-B23BC7ACCE8A}.Debug|Any CPU.ActiveCfg = Debug|Any CPU
		{DE8EEABB-EABC-4DCD-8869-B23BC7ACCE8A}.Debug|Any CPU.Build.0 = Debug|Any CPU
		{DE8EEABB-EABC-4DCD-8869-B23BC7ACCE8A}.Debug|x64.ActiveCfg = Debug|Any CPU
		{DE8EEABB-EABC-4DCD-8869-B23BC7ACCE8A}.Debug|x64.Build.0 = Debug|Any CPU
		{DE8EEABB-EABC-4DCD-8869-B23BC7ACCE8A}.Debug|x86.ActiveCfg = Debug|Any CPU
		{DE8EEABB-EABC-4DCD-8869-B23BC7ACCE8A}.Debug|x86.Build.0 = Debug|Any CPU
		{DE8EEABB-EABC-4DCD-8869-B23BC7ACCE8A}.Release|Any CPU.ActiveCfg = Release|Any CPU
		{DE8EEABB-EABC-4DCD-8869-B23BC7ACCE8A}.Release|Any CPU.Build.0 = Release|Any CPU
		{DE8EEABB-EABC-4DCD-8869-B23BC7ACCE8A}.Release|x64.ActiveCfg = Release|Any CPU
		{DE8EEABB-EABC-4DCD-8869-B23BC7ACCE8A}.Release|x64.Build.0 = Release|Any CPU
		{DE8EEABB-EABC-4DCD-8869-B23BC7ACCE8A}.Release|x86.ActiveCfg = Release|Any CPU
		{DE8EEABB-EABC-4DCD-8869-B23BC7ACCE8A}.Release|x86.Build.0 = Release|Any CPU
		{487FDECE-8888-48BC-BE5A-12EFA161A00F}.Debug|Any CPU.ActiveCfg = Debug|Any CPU
		{487FDECE-8888-48BC-BE5A-12EFA161A00F}.Debug|Any CPU.Build.0 = Debug|Any CPU
		{487FDECE-8888-48BC-BE5A-12EFA161A00F}.Debug|x64.ActiveCfg = Debug|Any CPU
		{487FDECE-8888-48BC-BE5A-12EFA161A00F}.Debug|x64.Build.0 = Debug|Any CPU
		{487FDECE-8888-48BC-BE5A-12EFA161A00F}.Debug|x86.ActiveCfg = Debug|Any CPU
		{487FDECE-8888-48BC-BE5A-12EFA161A00F}.Debug|x86.Build.0 = Debug|Any CPU
		{487FDECE-8888-48BC-BE5A-12EFA161A00F}.Release|Any CPU.ActiveCfg = Release|Any CPU
		{487FDECE-8888-48BC-BE5A-12EFA161A00F}.Release|Any CPU.Build.0 = Release|Any CPU
		{487FDECE-8888-48BC-BE5A-12EFA161A00F}.Release|x64.ActiveCfg = Release|Any CPU
		{487FDECE-8888-48BC-BE5A-12EFA161A00F}.Release|x64.Build.0 = Release|Any CPU
		{487FDECE-8888-48BC-BE5A-12EFA161A00F}.Release|x86.ActiveCfg = Release|Any CPU
		{487FDECE-8888-48BC-BE5A-12EFA161A00F}.Release|x86.Build.0 = Release|Any CPU
		{FC7FC1B3-2284-49FD-B23D-5CCBB511CEA0}.Debug|Any CPU.ActiveCfg = Debug|Any CPU
		{FC7FC1B3-2284-49FD-B23D-5CCBB511CEA0}.Debug|Any CPU.Build.0 = Debug|Any CPU
		{FC7FC1B3-2284-49FD-B23D-5CCBB511CEA0}.Debug|x64.ActiveCfg = Debug|Any CPU
		{FC7FC1B3-2284-49FD-B23D-5CCBB511CEA0}.Debug|x64.Build.0 = Debug|Any CPU
		{FC7FC1B3-2284-49FD-B23D-5CCBB511CEA0}.Debug|x86.ActiveCfg = Debug|Any CPU
		{FC7FC1B3-2284-49FD-B23D-5CCBB511CEA0}.Debug|x86.Build.0 = Debug|Any CPU
		{FC7FC1B3-2284-49FD-B23D-5CCBB511CEA0}.Release|Any CPU.ActiveCfg = Release|Any CPU
		{FC7FC1B3-2284-49FD-B23D-5CCBB511CEA0}.Release|Any CPU.Build.0 = Release|Any CPU
		{FC7FC1B3-2284-49FD-B23D-5CCBB511CEA0}.Release|x64.ActiveCfg = Release|Any CPU
		{FC7FC1B3-2284-49FD-B23D-5CCBB511CEA0}.Release|x64.Build.0 = Release|Any CPU
		{FC7FC1B3-2284-49FD-B23D-5CCBB511CEA0}.Release|x86.ActiveCfg = Release|Any CPU
		{FC7FC1B3-2284-49FD-B23D-5CCBB511CEA0}.Release|x86.Build.0 = Release|Any CPU
		{D4AB3A51-6F71-4302-9F97-8C5FFCD018BB}.Debug|Any CPU.ActiveCfg = Debug|Any CPU
		{D4AB3A51-6F71-4302-9F97-8C5FFCD018BB}.Debug|Any CPU.Build.0 = Debug|Any CPU
		{D4AB3A51-6F71-4302-9F97-8C5FFCD018BB}.Debug|x64.ActiveCfg = Debug|Any CPU
		{D4AB3A51-6F71-4302-9F97-8C5FFCD018BB}.Debug|x64.Build.0 = Debug|Any CPU
		{D4AB3A51-6F71-4302-9F97-8C5FFCD018BB}.Debug|x86.ActiveCfg = Debug|Any CPU
		{D4AB3A51-6F71-4302-9F97-8C5FFCD018BB}.Debug|x86.Build.0 = Debug|Any CPU
		{D4AB3A51-6F71-4302-9F97-8C5FFCD018BB}.Release|Any CPU.ActiveCfg = Release|Any CPU
		{D4AB3A51-6F71-4302-9F97-8C5FFCD018BB}.Release|Any CPU.Build.0 = Release|Any CPU
		{D4AB3A51-6F71-4302-9F97-8C5FFCD018BB}.Release|x64.ActiveCfg = Release|Any CPU
		{D4AB3A51-6F71-4302-9F97-8C5FFCD018BB}.Release|x64.Build.0 = Release|Any CPU
		{D4AB3A51-6F71-4302-9F97-8C5FFCD018BB}.Release|x86.ActiveCfg = Release|Any CPU
		{D4AB3A51-6F71-4302-9F97-8C5FFCD018BB}.Release|x86.Build.0 = Release|Any CPU
	EndGlobalSection
	GlobalSection(SolutionProperties) = preSolution
		HideSolutionNode = FALSE
	EndGlobalSection
	GlobalSection(NestedProjects) = preSolution
		{DE8EEABB-EABC-4DCD-8869-B23BC7ACCE8A} = {827E0CD3-B72D-47B6-A68D-7590B98EB39B}
		{487FDECE-8888-48BC-BE5A-12EFA161A00F} = {827E0CD3-B72D-47B6-A68D-7590B98EB39B}
		{FC7FC1B3-2284-49FD-B23D-5CCBB511CEA0} = {827E0CD3-B72D-47B6-A68D-7590B98EB39B}
		{D4AB3A51-6F71-4302-9F97-8C5FFCD018BB} = {827E0CD3-B72D-47B6-A68D-7590B98EB39B}
	EndGlobalSection
EndGlobal
